
Microsoft Visual Studio Solution File, Format Version 12.00
# Visual Studio Version 16
VisualStudioVersion = 16.0.31729.503
MinimumVisualStudioVersion = 10.0.40219.1
Project("{FAE04EC0-301F-11D3-BF4B-00C04F79EFBC}") = "CSC_317_Millionaire", "CSC_317_Millionaire\CSC_317_Millionaire.csproj", "{3141A027-3B63-46C4-B694-0A19C8E6C25D}"
EndProject
Global
	GlobalSection(SolutionConfigurationPlatforms) = preSolution
		Debug|Any CPU = Debug|Any CPU
		Release|Any CPU = Release|Any CPU
	EndGlobalSection
	GlobalSection(ProjectConfigurationPlatforms) = postSolution
		{3141A027-3B63-46C4-B694-0A19C8E6C25D}.Debug|Any CPU.ActiveCfg = Debug|Any CPU
		{3141A027-3B63-46C4-B694-0A19C8E6C25D}.Debug|Any CPU.Build.0 = Debug|Any CPU
		{3141A027-3B63-46C4-B694-0A19C8E6C25D}.Release|Any CPU.ActiveCfg = Release|Any CPU
		{3141A027-3B63-46C4-B694-0A19C8E6C25D}.Release|Any CPU.Build.0 = Release|Any CPU
	EndGlobalSection
	GlobalSection(SolutionProperties) = preSolution
		HideSolutionNode = FALSE
	EndGlobalSection
	GlobalSection(ExtensibilityGlobals) = postSolution
		SolutionGuid = {9C7022AB-AEB1-4EF7-9C06-C699201785DF}
	EndGlobalSection
EndGlobal
